// !$*UTF8*$!
{
	archiveVersion = 1;
	classes = {
	};
	objectVersion = 46;
	objects = {

/* Begin PBXBuildFile section */
		38A2540A17CD4C4600F76BD5 /* group@2x.png in Resources */ = {isa = PBXBuildFile; fileRef = 38A2540917CD4C4600F76BD5 /* group@2x.png */; };
		38A2540C17CD4CC200F76BD5 /* group.png in Resources */ = {isa = PBXBuildFile; fileRef = 38A2540B17CD4CC200F76BD5 /* group.png */; };
		38C22EA017CBD59900014D39 /* UIKit.framework in Frameworks */ = {isa = PBXBuildFile; fileRef = 38C22E9F17CBD59900014D39 /* UIKit.framework */; };
		38C22EA217CBD59900014D39 /* Foundation.framework in Frameworks */ = {isa = PBXBuildFile; fileRef = 38C22EA117CBD59900014D39 /* Foundation.framework */; };
		38C22EA417CBD59900014D39 /* CoreGraphics.framework in Frameworks */ = {isa = PBXBuildFile; fileRef = 38C22EA317CBD59900014D39 /* CoreGraphics.framework */; };
		38C22EA617CBD59900014D39 /* CoreData.framework in Frameworks */ = {isa = PBXBuildFile; fileRef = 38C22EA517CBD59900014D39 /* CoreData.framework */; };
		38C22EAC17CBD59900014D39 /* InfoPlist.strings in Resources */ = {isa = PBXBuildFile; fileRef = 38C22EAA17CBD59900014D39 /* InfoPlist.strings */; };
		38C22EAE17CBD59900014D39 /* main.m in Sources */ = {isa = PBXBuildFile; fileRef = 38C22EAD17CBD59900014D39 /* main.m */; };
		38C22EB217CBD59900014D39 /* AppDelegate.m in Sources */ = {isa = PBXBuildFile; fileRef = 38C22EB117CBD59900014D39 /* AppDelegate.m */; };
		38C22EB417CBD59900014D39 /* Default.png in Resources */ = {isa = PBXBuildFile; fileRef = 38C22EB317CBD59900014D39 /* Default.png */; };
		38C22EB617CBD59900014D39 /* Default@2x.png in Resources */ = {isa = PBXBuildFile; fileRef = 38C22EB517CBD59900014D39 /* Default@2x.png */; };
		38C22EB817CBD59900014D39 /* Default-568h@2x.png in Resources */ = {isa = PBXBuildFile; fileRef = 38C22EB717CBD59900014D39 /* Default-568h@2x.png */; };
		38C22EBB17CBD59900014D39 /* Razmatazz.xcdatamodeld in Sources */ = {isa = PBXBuildFile; fileRef = 38C22EB917CBD59900014D39 /* Razmatazz.xcdatamodeld */; };
		38D74C7B17CC4D7000F3EFD5 /* GCDAsyncSocket.m in Sources */ = {isa = PBXBuildFile; fileRef = 38D74C7A17CC4D7000F3EFD5 /* GCDAsyncSocket.m */; };
		38D74C8517CC4DA800F3EFD5 /* HTTPAuthenticationRequest.m in Sources */ = {isa = PBXBuildFile; fileRef = 38D74C7D17CC4DA800F3EFD5 /* HTTPAuthenticationRequest.m */; };
		38D74C8617CC4DA800F3EFD5 /* HTTPConnection.m in Sources */ = {isa = PBXBuildFile; fileRef = 38D74C7F17CC4DA800F3EFD5 /* HTTPConnection.m */; };
		38D74C8717CC4DA800F3EFD5 /* HTTPMessage.m in Sources */ = {isa = PBXBuildFile; fileRef = 38D74C8117CC4DA800F3EFD5 /* HTTPMessage.m */; };
		38D74C8817CC4DA800F3EFD5 /* HTTPServer.m in Sources */ = {isa = PBXBuildFile; fileRef = 38D74C8417CC4DA800F3EFD5 /* HTTPServer.m */; };
		38D74C8B17CC4E0B00F3EFD5 /* WebSocket.m in Sources */ = {isa = PBXBuildFile; fileRef = 38D74C8A17CC4E0B00F3EFD5 /* WebSocket.m */; };
		38D74C9817CC51DE00F3EFD5 /* HTTPAsyncFileResponse.m in Sources */ = {isa = PBXBuildFile; fileRef = 38D74C8F17CC51DE00F3EFD5 /* HTTPAsyncFileResponse.m */; };
		38D74C9917CC51DE00F3EFD5 /* HTTPDataResponse.m in Sources */ = {isa = PBXBuildFile; fileRef = 38D74C9117CC51DE00F3EFD5 /* HTTPDataResponse.m */; };
		38D74C9A17CC51DE00F3EFD5 /* HTTPDynamicFileResponse.m in Sources */ = {isa = PBXBuildFile; fileRef = 38D74C9317CC51DE00F3EFD5 /* HTTPDynamicFileResponse.m */; };
		38D74C9B17CC51DE00F3EFD5 /* HTTPFileResponse.m in Sources */ = {isa = PBXBuildFile; fileRef = 38D74C9517CC51DE00F3EFD5 /* HTTPFileResponse.m */; };
		38D74C9C17CC51DE00F3EFD5 /* HTTPRedirectResponse.m in Sources */ = {isa = PBXBuildFile; fileRef = 38D74C9717CC51DE00F3EFD5 /* HTTPRedirectResponse.m */; };
		38D74CA317CC51FD00F3EFD5 /* DDData.m in Sources */ = {isa = PBXBuildFile; fileRef = 38D74C9E17CC51FD00F3EFD5 /* DDData.m */; };
		38D74CA417CC51FD00F3EFD5 /* DDNumber.m in Sources */ = {isa = PBXBuildFile; fileRef = 38D74CA017CC51FD00F3EFD5 /* DDNumber.m */; };
		38D74CA517CC51FD00F3EFD5 /* DDRange.m in Sources */ = {isa = PBXBuildFile; fileRef = 38D74CA217CC51FD00F3EFD5 /* DDRange.m */; };
		38D74CB217CC528B00F3EFD5 /* DDAbstractDatabaseLogger.m in Sources */ = {isa = PBXBuildFile; fileRef = 38D74CA917CC528B00F3EFD5 /* DDAbstractDatabaseLogger.m */; };
		38D74CB317CC528B00F3EFD5 /* DDASLLogger.m in Sources */ = {isa = PBXBuildFile; fileRef = 38D74CAB17CC528B00F3EFD5 /* DDASLLogger.m */; };
		38D74CB417CC528B00F3EFD5 /* DDFileLogger.m in Sources */ = {isa = PBXBuildFile; fileRef = 38D74CAD17CC528B00F3EFD5 /* DDFileLogger.m */; };
		38D74CB517CC528B00F3EFD5 /* DDLog.m in Sources */ = {isa = PBXBuildFile; fileRef = 38D74CAF17CC528B00F3EFD5 /* DDLog.m */; };
		38D74CB617CC528B00F3EFD5 /* DDTTYLogger.m in Sources */ = {isa = PBXBuildFile; fileRef = 38D74CB117CC528B00F3EFD5 /* DDTTYLogger.m */; };
		38D74CBC17CC529C00F3EFD5 /* ContextFilterLogFormatter.m in Sources */ = {isa = PBXBuildFile; fileRef = 38D74CB917CC529C00F3EFD5 /* ContextFilterLogFormatter.m */; };
		38D74CBD17CC529C00F3EFD5 /* DispatchQueueLogFormatter.m in Sources */ = {isa = PBXBuildFile; fileRef = 38D74CBB17CC529C00F3EFD5 /* DispatchQueueLogFormatter.m */; };
		38D74CC017CC52FD00F3EFD5 /* CFNetwork.framework in Frameworks */ = {isa = PBXBuildFile; fileRef = 38D74CBE17CC52F600F3EFD5 /* CFNetwork.framework */; };
		38D74CC317CC533200F3EFD5 /* Security.framework in Frameworks */ = {isa = PBXBuildFile; fileRef = 38D74CC117CC532C00F3EFD5 /* Security.framework */; };
		38D74CC717CC53FE00F3EFD5 /* HostPartyViewController.m in Sources */ = {isa = PBXBuildFile; fileRef = 38D74CC617CC53FE00F3EFD5 /* HostPartyViewController.m */; };
		38D74CCA17CC566A00F3EFD5 /* JoinPartyViewController.m in Sources */ = {isa = PBXBuildFile; fileRef = 38D74CC917CC566A00F3EFD5 /* JoinPartyViewController.m */; };
		38D74CCC17CC57CC00F3EFD5 /* Songs in Resources */ = {isa = PBXBuildFile; fileRef = 38D74CCB17CC57CC00F3EFD5 /* Songs */; };
		38D74CCF17CC695000F3EFD5 /* MediaPlayer.framework in Frameworks */ = {isa = PBXBuildFile; fileRef = 38D74CCD17CC694B00F3EFD5 /* MediaPlayer.framework */; };
		38D74CD217CC6CC500F3EFD5 /* ClientsConnectedViewController.m in Sources */ = {isa = PBXBuildFile; fileRef = 38D74CD117CC6CC400F3EFD5 /* ClientsConnectedViewController.m */; };
		38F493EE17CC3B35005659B3 /* HomeViewController.m in Sources */ = {isa = PBXBuildFile; fileRef = 38F493ED17CC3B35005659B3 /* HomeViewController.m */; };
		38F493F217CC44EA005659B3 /* StyleFactory.m in Sources */ = {isa = PBXBuildFile; fileRef = 38F493F117CC44EA005659B3 /* StyleFactory.m */; };
/* End PBXBuildFile section */

/* Begin PBXFileReference section */
		38A2540917CD4C4600F76BD5 /* group@2x.png */ = {isa = PBXFileReference; lastKnownFileType = image.png; path = "group@2x.png"; sourceTree = "<group>"; };
		38A2540B17CD4CC200F76BD5 /* group.png */ = {isa = PBXFileReference; lastKnownFileType = image.png; path = group.png; sourceTree = "<group>"; };
		38C22E9C17CBD59900014D39 /* Razmatazz.app */ = {isa = PBXFileReference; explicitFileType = wrapper.application; includeInIndex = 0; path = Razmatazz.app; sourceTree = BUILT_PRODUCTS_DIR; };
		38C22E9F17CBD59900014D39 /* UIKit.framework */ = {isa = PBXFileReference; lastKnownFileType = wrapper.framework; name = UIKit.framework; path = System/Library/Frameworks/UIKit.framework; sourceTree = SDKROOT; };
		38C22EA117CBD59900014D39 /* Foundation.framework */ = {isa = PBXFileReference; lastKnownFileType = wrapper.framework; name = Foundation.framework; path = System/Library/Frameworks/Foundation.framework; sourceTree = SDKROOT; };
		38C22EA317CBD59900014D39 /* CoreGraphics.framework */ = {isa = PBXFileReference; lastKnownFileType = wrapper.framework; name = CoreGraphics.framework; path = System/Library/Frameworks/CoreGraphics.framework; sourceTree = SDKROOT; };
		38C22EA517CBD59900014D39 /* CoreData.framework */ = {isa = PBXFileReference; lastKnownFileType = wrapper.framework; name = CoreData.framework; path = System/Library/Frameworks/CoreData.framework; sourceTree = SDKROOT; };
		38C22EA917CBD59900014D39 /* Razmatazz-Info.plist */ = {isa = PBXFileReference; lastKnownFileType = text.plist.xml; path = "Razmatazz-Info.plist"; sourceTree = "<group>"; };
		38C22EAB17CBD59900014D39 /* en */ = {isa = PBXFileReference; lastKnownFileType = text.plist.strings; name = en; path = en.lproj/InfoPlist.strings; sourceTree = "<group>"; };
		38C22EAD17CBD59900014D39 /* main.m */ = {isa = PBXFileReference; lastKnownFileType = sourcecode.c.objc; path = main.m; sourceTree = "<group>"; };
		38C22EAF17CBD59900014D39 /* Razmatazz-Prefix.pch */ = {isa = PBXFileReference; lastKnownFileType = sourcecode.c.h; path = "Razmatazz-Prefix.pch"; sourceTree = "<group>"; };
		38C22EB017CBD59900014D39 /* AppDelegate.h */ = {isa = PBXFileReference; lastKnownFileType = sourcecode.c.h; path = AppDelegate.h; sourceTree = "<group>"; };
		38C22EB117CBD59900014D39 /* AppDelegate.m */ = {isa = PBXFileReference; lastKnownFileType = sourcecode.c.objc; path = AppDelegate.m; sourceTree = "<group>"; };
		38C22EB317CBD59900014D39 /* Default.png */ = {isa = PBXFileReference; lastKnownFileType = image.png; path = Default.png; sourceTree = "<group>"; };
		38C22EB517CBD59900014D39 /* Default@2x.png */ = {isa = PBXFileReference; lastKnownFileType = image.png; path = "Default@2x.png"; sourceTree = "<group>"; };
		38C22EB717CBD59900014D39 /* Default-568h@2x.png */ = {isa = PBXFileReference; lastKnownFileType = image.png; path = "Default-568h@2x.png"; sourceTree = "<group>"; };
		38C22EBA17CBD59900014D39 /* Razmatazz.xcdatamodel */ = {isa = PBXFileReference; lastKnownFileType = wrapper.xcdatamodel; path = Razmatazz.xcdatamodel; sourceTree = "<group>"; };
		38D74C7917CC4D7000F3EFD5 /* GCDAsyncSocket.h */ = {isa = PBXFileReference; fileEncoding = 4; lastKnownFileType = sourcecode.c.h; path = GCDAsyncSocket.h; sourceTree = "<group>"; };
		38D74C7A17CC4D7000F3EFD5 /* GCDAsyncSocket.m */ = {isa = PBXFileReference; fileEncoding = 4; lastKnownFileType = sourcecode.c.objc; path = GCDAsyncSocket.m; sourceTree = "<group>"; };
		38D74C7C17CC4DA800F3EFD5 /* HTTPAuthenticationRequest.h */ = {isa = PBXFileReference; fileEncoding = 4; lastKnownFileType = sourcecode.c.h; path = HTTPAuthenticationRequest.h; sourceTree = "<group>"; };
		38D74C7D17CC4DA800F3EFD5 /* HTTPAuthenticationRequest.m */ = {isa = PBXFileReference; fileEncoding = 4; lastKnownFileType = sourcecode.c.objc; path = HTTPAuthenticationRequest.m; sourceTree = "<group>"; };
		38D74C7E17CC4DA800F3EFD5 /* HTTPConnection.h */ = {isa = PBXFileReference; fileEncoding = 4; lastKnownFileType = sourcecode.c.h; path = HTTPConnection.h; sourceTree = "<group>"; };
		38D74C7F17CC4DA800F3EFD5 /* HTTPConnection.m */ = {isa = PBXFileReference; fileEncoding = 4; lastKnownFileType = sourcecode.c.objc; path = HTTPConnection.m; sourceTree = "<group>"; };
		38D74C8017CC4DA800F3EFD5 /* HTTPMessage.h */ = {isa = PBXFileReference; fileEncoding = 4; lastKnownFileType = sourcecode.c.h; path = HTTPMessage.h; sourceTree = "<group>"; };
		38D74C8117CC4DA800F3EFD5 /* HTTPMessage.m */ = {isa = PBXFileReference; fileEncoding = 4; lastKnownFileType = sourcecode.c.objc; path = HTTPMessage.m; sourceTree = "<group>"; };
		38D74C8217CC4DA800F3EFD5 /* HTTPResponse.h */ = {isa = PBXFileReference; fileEncoding = 4; lastKnownFileType = sourcecode.c.h; path = HTTPResponse.h; sourceTree = "<group>"; };
		38D74C8317CC4DA800F3EFD5 /* HTTPServer.h */ = {isa = PBXFileReference; fileEncoding = 4; lastKnownFileType = sourcecode.c.h; path = HTTPServer.h; sourceTree = "<group>"; };
		38D74C8417CC4DA800F3EFD5 /* HTTPServer.m */ = {isa = PBXFileReference; fileEncoding = 4; lastKnownFileType = sourcecode.c.objc; path = HTTPServer.m; sourceTree = "<group>"; };
		38D74C8917CC4E0B00F3EFD5 /* WebSocket.h */ = {isa = PBXFileReference; fileEncoding = 4; lastKnownFileType = sourcecode.c.h; path = WebSocket.h; sourceTree = "<group>"; };
		38D74C8A17CC4E0B00F3EFD5 /* WebSocket.m */ = {isa = PBXFileReference; fileEncoding = 4; lastKnownFileType = sourcecode.c.objc; path = WebSocket.m; sourceTree = "<group>"; };
		38D74C8E17CC51DE00F3EFD5 /* HTTPAsyncFileResponse.h */ = {isa = PBXFileReference; fileEncoding = 4; lastKnownFileType = sourcecode.c.h; path = HTTPAsyncFileResponse.h; sourceTree = "<group>"; };
		38D74C8F17CC51DE00F3EFD5 /* HTTPAsyncFileResponse.m */ = {isa = PBXFileReference; fileEncoding = 4; lastKnownFileType = sourcecode.c.objc; path = HTTPAsyncFileResponse.m; sourceTree = "<group>"; };
		38D74C9017CC51DE00F3EFD5 /* HTTPDataResponse.h */ = {isa = PBXFileReference; fileEncoding = 4; lastKnownFileType = sourcecode.c.h; path = HTTPDataResponse.h; sourceTree = "<group>"; };
		38D74C9117CC51DE00F3EFD5 /* HTTPDataResponse.m */ = {isa = PBXFileReference; fileEncoding = 4; lastKnownFileType = sourcecode.c.objc; path = HTTPDataResponse.m; sourceTree = "<group>"; };
		38D74C9217CC51DE00F3EFD5 /* HTTPDynamicFileResponse.h */ = {isa = PBXFileReference; fileEncoding = 4; lastKnownFileType = sourcecode.c.h; path = HTTPDynamicFileResponse.h; sourceTree = "<group>"; };
		38D74C9317CC51DE00F3EFD5 /* HTTPDynamicFileResponse.m */ = {isa = PBXFileReference; fileEncoding = 4; lastKnownFileType = sourcecode.c.objc; path = HTTPDynamicFileResponse.m; sourceTree = "<group>"; };
		38D74C9417CC51DE00F3EFD5 /* HTTPFileResponse.h */ = {isa = PBXFileReference; fileEncoding = 4; lastKnownFileType = sourcecode.c.h; path = HTTPFileResponse.h; sourceTree = "<group>"; };
		38D74C9517CC51DE00F3EFD5 /* HTTPFileResponse.m */ = {isa = PBXFileReference; fileEncoding = 4; lastKnownFileType = sourcecode.c.objc; path = HTTPFileResponse.m; sourceTree = "<group>"; };
		38D74C9617CC51DE00F3EFD5 /* HTTPRedirectResponse.h */ = {isa = PBXFileReference; fileEncoding = 4; lastKnownFileType = sourcecode.c.h; path = HTTPRedirectResponse.h; sourceTree = "<group>"; };
		38D74C9717CC51DE00F3EFD5 /* HTTPRedirectResponse.m */ = {isa = PBXFileReference; fileEncoding = 4; lastKnownFileType = sourcecode.c.objc; path = HTTPRedirectResponse.m; sourceTree = "<group>"; };
		38D74C9D17CC51FD00F3EFD5 /* DDData.h */ = {isa = PBXFileReference; fileEncoding = 4; lastKnownFileType = sourcecode.c.h; path = DDData.h; sourceTree = "<group>"; };
		38D74C9E17CC51FD00F3EFD5 /* DDData.m */ = {isa = PBXFileReference; fileEncoding = 4; lastKnownFileType = sourcecode.c.objc; path = DDData.m; sourceTree = "<group>"; };
		38D74C9F17CC51FD00F3EFD5 /* DDNumber.h */ = {isa = PBXFileReference; fileEncoding = 4; lastKnownFileType = sourcecode.c.h; path = DDNumber.h; sourceTree = "<group>"; };
		38D74CA017CC51FD00F3EFD5 /* DDNumber.m */ = {isa = PBXFileReference; fileEncoding = 4; lastKnownFileType = sourcecode.c.objc; path = DDNumber.m; sourceTree = "<group>"; };
		38D74CA117CC51FD00F3EFD5 /* DDRange.h */ = {isa = PBXFileReference; fileEncoding = 4; lastKnownFileType = sourcecode.c.h; path = DDRange.h; sourceTree = "<group>"; };
		38D74CA217CC51FD00F3EFD5 /* DDRange.m */ = {isa = PBXFileReference; fileEncoding = 4; lastKnownFileType = sourcecode.c.objc; path = DDRange.m; sourceTree = "<group>"; };
		38D74CA617CC524800F3EFD5 /* HTTPLogging.h */ = {isa = PBXFileReference; fileEncoding = 4; lastKnownFileType = sourcecode.c.h; path = HTTPLogging.h; sourceTree = "<group>"; };
		38D74CA817CC528B00F3EFD5 /* DDAbstractDatabaseLogger.h */ = {isa = PBXFileReference; fileEncoding = 4; lastKnownFileType = sourcecode.c.h; path = DDAbstractDatabaseLogger.h; sourceTree = "<group>"; };
		38D74CA917CC528B00F3EFD5 /* DDAbstractDatabaseLogger.m */ = {isa = PBXFileReference; fileEncoding = 4; lastKnownFileType = sourcecode.c.objc; path = DDAbstractDatabaseLogger.m; sourceTree = "<group>"; };
		38D74CAA17CC528B00F3EFD5 /* DDASLLogger.h */ = {isa = PBXFileReference; fileEncoding = 4; lastKnownFileType = sourcecode.c.h; path = DDASLLogger.h; sourceTree = "<group>"; };
		38D74CAB17CC528B00F3EFD5 /* DDASLLogger.m */ = {isa = PBXFileReference; fileEncoding = 4; lastKnownFileType = sourcecode.c.objc; path = DDASLLogger.m; sourceTree = "<group>"; };
		38D74CAC17CC528B00F3EFD5 /* DDFileLogger.h */ = {isa = PBXFileReference; fileEncoding = 4; lastKnownFileType = sourcecode.c.h; path = DDFileLogger.h; sourceTree = "<group>"; };
		38D74CAD17CC528B00F3EFD5 /* DDFileLogger.m */ = {isa = PBXFileReference; fileEncoding = 4; lastKnownFileType = sourcecode.c.objc; path = DDFileLogger.m; sourceTree = "<group>"; };
		38D74CAE17CC528B00F3EFD5 /* DDLog.h */ = {isa = PBXFileReference; fileEncoding = 4; lastKnownFileType = sourcecode.c.h; path = DDLog.h; sourceTree = "<group>"; };
		38D74CAF17CC528B00F3EFD5 /* DDLog.m */ = {isa = PBXFileReference; fileEncoding = 4; lastKnownFileType = sourcecode.c.objc; path = DDLog.m; sourceTree = "<group>"; };
		38D74CB017CC528B00F3EFD5 /* DDTTYLogger.h */ = {isa = PBXFileReference; fileEncoding = 4; lastKnownFileType = sourcecode.c.h; path = DDTTYLogger.h; sourceTree = "<group>"; };
		38D74CB117CC528B00F3EFD5 /* DDTTYLogger.m */ = {isa = PBXFileReference; fileEncoding = 4; lastKnownFileType = sourcecode.c.objc; path = DDTTYLogger.m; sourceTree = "<group>"; };
		38D74CB817CC529C00F3EFD5 /* ContextFilterLogFormatter.h */ = {isa = PBXFileReference; fileEncoding = 4; lastKnownFileType = sourcecode.c.h; path = ContextFilterLogFormatter.h; sourceTree = "<group>"; };
		38D74CB917CC529C00F3EFD5 /* ContextFilterLogFormatter.m */ = {isa = PBXFileReference; fileEncoding = 4; lastKnownFileType = sourcecode.c.objc; path = ContextFilterLogFormatter.m; sourceTree = "<group>"; };
		38D74CBA17CC529C00F3EFD5 /* DispatchQueueLogFormatter.h */ = {isa = PBXFileReference; fileEncoding = 4; lastKnownFileType = sourcecode.c.h; path = DispatchQueueLogFormatter.h; sourceTree = "<group>"; };
		38D74CBB17CC529C00F3EFD5 /* DispatchQueueLogFormatter.m */ = {isa = PBXFileReference; fileEncoding = 4; lastKnownFileType = sourcecode.c.objc; path = DispatchQueueLogFormatter.m; sourceTree = "<group>"; };
		38D74CBE17CC52F600F3EFD5 /* CFNetwork.framework */ = {isa = PBXFileReference; lastKnownFileType = wrapper.framework; name = CFNetwork.framework; path = System/Library/Frameworks/CFNetwork.framework; sourceTree = SDKROOT; };
		38D74CC117CC532C00F3EFD5 /* Security.framework */ = {isa = PBXFileReference; lastKnownFileType = wrapper.framework; name = Security.framework; path = System/Library/Frameworks/Security.framework; sourceTree = SDKROOT; };
		38D74CC517CC53FE00F3EFD5 /* HostPartyViewController.h */ = {isa = PBXFileReference; fileEncoding = 4; lastKnownFileType = sourcecode.c.h; path = HostPartyViewController.h; sourceTree = "<group>"; };
		38D74CC617CC53FE00F3EFD5 /* HostPartyViewController.m */ = {isa = PBXFileReference; fileEncoding = 4; lastKnownFileType = sourcecode.c.objc; path = HostPartyViewController.m; sourceTree = "<group>"; };
		38D74CC817CC566A00F3EFD5 /* JoinPartyViewController.h */ = {isa = PBXFileReference; fileEncoding = 4; lastKnownFileType = sourcecode.c.h; path = JoinPartyViewController.h; sourceTree = "<group>"; };
		38D74CC917CC566A00F3EFD5 /* JoinPartyViewController.m */ = {isa = PBXFileReference; fileEncoding = 4; lastKnownFileType = sourcecode.c.objc; path = JoinPartyViewController.m; sourceTree = "<group>"; };
		38D74CCB17CC57CC00F3EFD5 /* Songs */ = {isa = PBXFileReference; lastKnownFileType = folder; path = Songs; sourceTree = "<group>"; };
		38D74CCD17CC694B00F3EFD5 /* MediaPlayer.framework */ = {isa = PBXFileReference; lastKnownFileType = wrapper.framework; name = MediaPlayer.framework; path = System/Library/Frameworks/MediaPlayer.framework; sourceTree = SDKROOT; };
		38D74CD017CC6CC400F3EFD5 /* ClientsConnectedViewController.h */ = {isa = PBXFileReference; fileEncoding = 4; lastKnownFileType = sourcecode.c.h; path = ClientsConnectedViewController.h; sourceTree = "<group>"; };
		38D74CD117CC6CC400F3EFD5 /* ClientsConnectedViewController.m */ = {isa = PBXFileReference; fileEncoding = 4; lastKnownFileType = sourcecode.c.objc; path = ClientsConnectedViewController.m; sourceTree = "<group>"; };
		38F493EC17CC3B35005659B3 /* HomeViewController.h */ = {isa = PBXFileReference; fileEncoding = 4; lastKnownFileType = sourcecode.c.h; path = HomeViewController.h; sourceTree = "<group>"; };
		38F493ED17CC3B35005659B3 /* HomeViewController.m */ = {isa = PBXFileReference; fileEncoding = 4; lastKnownFileType = sourcecode.c.objc; path = HomeViewController.m; sourceTree = "<group>"; };
		38F493F017CC44EA005659B3 /* StyleFactory.h */ = {isa = PBXFileReference; fileEncoding = 4; lastKnownFileType = sourcecode.c.h; path = StyleFactory.h; sourceTree = "<group>"; };
		38F493F117CC44EA005659B3 /* StyleFactory.m */ = {isa = PBXFileReference; fileEncoding = 4; lastKnownFileType = sourcecode.c.objc; path = StyleFactory.m; sourceTree = "<group>"; };
/* End PBXFileReference section */

/* Begin PBXFrameworksBuildPhase section */
		38C22E9917CBD59900014D39 /* Frameworks */ = {
			isa = PBXFrameworksBuildPhase;
			buildActionMask = 2147483647;
			files = (
				38C22EA017CBD59900014D39 /* UIKit.framework in Frameworks */,
				38D74CC017CC52FD00F3EFD5 /* CFNetwork.framework in Frameworks */,
				38C22EA217CBD59900014D39 /* Foundation.framework in Frameworks */,
				38D74CCF17CC695000F3EFD5 /* MediaPlayer.framework in Frameworks */,
				38D74CC317CC533200F3EFD5 /* Security.framework in Frameworks */,
				38C22EA417CBD59900014D39 /* CoreGraphics.framework in Frameworks */,
				38C22EA617CBD59900014D39 /* CoreData.framework in Frameworks */,
			);
			runOnlyForDeploymentPostprocessing = 0;
		};
/* End PBXFrameworksBuildPhase section */

/* Begin PBXGroup section */
		380156C217CBD9BA006E3C84 /* Third party */ = {
			isa = PBXGroup;
			children = (
				38D74CC417CC538500F3EFD5 /* Cocoa HTTP Server */,
			);
			name = "Third party";
			sourceTree = "<group>";
		};
		38A253FA17CCFEFC00F76BD5 /* Images */ = {
			isa = PBXGroup;
			children = (
				38A2540B17CD4CC200F76BD5 /* group.png */,
				38A2540917CD4C4600F76BD5 /* group@2x.png */,
			);
			name = Images;
			sourceTree = "<group>";
		};
		38C22E9317CBD59900014D39 = {
			isa = PBXGroup;
			children = (
				38C22EA717CBD59900014D39 /* Razmatazz */,
				38C22E9E17CBD59900014D39 /* Frameworks */,
				38C22E9D17CBD59900014D39 /* Products */,
			);
			sourceTree = "<group>";
		};
		38C22E9D17CBD59900014D39 /* Products */ = {
			isa = PBXGroup;
			children = (
				38C22E9C17CBD59900014D39 /* Razmatazz.app */,
			);
			name = Products;
			sourceTree = "<group>";
		};
		38C22E9E17CBD59900014D39 /* Frameworks */ = {
			isa = PBXGroup;
			children = (
				38D74CCD17CC694B00F3EFD5 /* MediaPlayer.framework */,
				38D74CC117CC532C00F3EFD5 /* Security.framework */,
				38D74CBE17CC52F600F3EFD5 /* CFNetwork.framework */,
				38C22E9F17CBD59900014D39 /* UIKit.framework */,
				38C22EA117CBD59900014D39 /* Foundation.framework */,
				38C22EA317CBD59900014D39 /* CoreGraphics.framework */,
				38C22EA517CBD59900014D39 /* CoreData.framework */,
			);
			name = Frameworks;
			sourceTree = "<group>";
		};
		38C22EA717CBD59900014D39 /* Razmatazz */ = {
			isa = PBXGroup;
			children = (
				38A253FA17CCFEFC00F76BD5 /* Images */,
				38F493EF17CC44D4005659B3 /* Helper classes */,
				38F493EB17CC3B17005659B3 /* View controllers */,
				38C22EB017CBD59900014D39 /* AppDelegate.h */,
				38C22EB117CBD59900014D39 /* AppDelegate.m */,
				38C22EB917CBD59900014D39 /* Razmatazz.xcdatamodeld */,
				380156C217CBD9BA006E3C84 /* Third party */,
				38C22EA817CBD59900014D39 /* Supporting Files */,
			);
			path = Razmatazz;
			sourceTree = "<group>";
		};
		38C22EA817CBD59900014D39 /* Supporting Files */ = {
			isa = PBXGroup;
			children = (
				38D74CCB17CC57CC00F3EFD5 /* Songs */,
				38C22EA917CBD59900014D39 /* Razmatazz-Info.plist */,
				38C22EAA17CBD59900014D39 /* InfoPlist.strings */,
				38C22EAD17CBD59900014D39 /* main.m */,
				38C22EAF17CBD59900014D39 /* Razmatazz-Prefix.pch */,
				38C22EB317CBD59900014D39 /* Default.png */,
				38C22EB517CBD59900014D39 /* Default@2x.png */,
				38C22EB717CBD59900014D39 /* Default-568h@2x.png */,
			);
			name = "Supporting Files";
			sourceTree = "<group>";
		};
		38D74C7717CC4CB900F3EFD5 /* TCP */ = {
			isa = PBXGroup;
			children = (
				38D74C7917CC4D7000F3EFD5 /* GCDAsyncSocket.h */,
				38D74C7A17CC4D7000F3EFD5 /* GCDAsyncSocket.m */,
			);
			name = TCP;
			sourceTree = "<group>";
		};
		38D74C7817CC4CC500F3EFD5 /* HTTP */ = {
			isa = PBXGroup;
			children = (
				38D74C8D17CC51C500F3EFD5 /* Categories */,
				38D74C8C17CC51BB00F3EFD5 /* Responses */,
				38D74C8917CC4E0B00F3EFD5 /* WebSocket.h */,
				38D74CA617CC524800F3EFD5 /* HTTPLogging.h */,
				38D74C8A17CC4E0B00F3EFD5 /* WebSocket.m */,
				38D74C7C17CC4DA800F3EFD5 /* HTTPAuthenticationRequest.h */,
				38D74C7D17CC4DA800F3EFD5 /* HTTPAuthenticationRequest.m */,
				38D74C7E17CC4DA800F3EFD5 /* HTTPConnection.h */,
				38D74C7F17CC4DA800F3EFD5 /* HTTPConnection.m */,
				38D74C8017CC4DA800F3EFD5 /* HTTPMessage.h */,
				38D74C8117CC4DA800F3EFD5 /* HTTPMessage.m */,
				38D74C8217CC4DA800F3EFD5 /* HTTPResponse.h */,
				38D74C8317CC4DA800F3EFD5 /* HTTPServer.h */,
				38D74C8417CC4DA800F3EFD5 /* HTTPServer.m */,
			);
			name = HTTP;
			sourceTree = "<group>";
		};
		38D74C8C17CC51BB00F3EFD5 /* Responses */ = {
			isa = PBXGroup;
			children = (
				38D74C9D17CC51FD00F3EFD5 /* DDData.h */,
				38D74C9E17CC51FD00F3EFD5 /* DDData.m */,
				38D74C9F17CC51FD00F3EFD5 /* DDNumber.h */,
				38D74CA017CC51FD00F3EFD5 /* DDNumber.m */,
				38D74CA117CC51FD00F3EFD5 /* DDRange.h */,
				38D74CA217CC51FD00F3EFD5 /* DDRange.m */,
			);
			name = Responses;
			sourceTree = "<group>";
		};
		38D74C8D17CC51C500F3EFD5 /* Categories */ = {
			isa = PBXGroup;
			children = (
				38D74C8E17CC51DE00F3EFD5 /* HTTPAsyncFileResponse.h */,
				38D74C8F17CC51DE00F3EFD5 /* HTTPAsyncFileResponse.m */,
				38D74C9017CC51DE00F3EFD5 /* HTTPDataResponse.h */,
				38D74C9117CC51DE00F3EFD5 /* HTTPDataResponse.m */,
				38D74C9217CC51DE00F3EFD5 /* HTTPDynamicFileResponse.h */,
				38D74C9317CC51DE00F3EFD5 /* HTTPDynamicFileResponse.m */,
				38D74C9417CC51DE00F3EFD5 /* HTTPFileResponse.h */,
				38D74C9517CC51DE00F3EFD5 /* HTTPFileResponse.m */,
				38D74C9617CC51DE00F3EFD5 /* HTTPRedirectResponse.h */,
				38D74C9717CC51DE00F3EFD5 /* HTTPRedirectResponse.m */,
			);
			name = Categories;
			sourceTree = "<group>";
		};
		38D74CA717CC527B00F3EFD5 /* Logging */ = {
			isa = PBXGroup;
			children = (
				38D74CB717CC528D00F3EFD5 /* Extensions */,
				38D74CA817CC528B00F3EFD5 /* DDAbstractDatabaseLogger.h */,
				38D74CA917CC528B00F3EFD5 /* DDAbstractDatabaseLogger.m */,
				38D74CAA17CC528B00F3EFD5 /* DDASLLogger.h */,
				38D74CAB17CC528B00F3EFD5 /* DDASLLogger.m */,
				38D74CAC17CC528B00F3EFD5 /* DDFileLogger.h */,
				38D74CAD17CC528B00F3EFD5 /* DDFileLogger.m */,
				38D74CAE17CC528B00F3EFD5 /* DDLog.h */,
				38D74CAF17CC528B00F3EFD5 /* DDLog.m */,
				38D74CB017CC528B00F3EFD5 /* DDTTYLogger.h */,
				38D74CB117CC528B00F3EFD5 /* DDTTYLogger.m */,
			);
			name = Logging;
			sourceTree = "<group>";
		};
		38D74CB717CC528D00F3EFD5 /* Extensions */ = {
			isa = PBXGroup;
			children = (
				38D74CB817CC529C00F3EFD5 /* ContextFilterLogFormatter.h */,
				38D74CB917CC529C00F3EFD5 /* ContextFilterLogFormatter.m */,
				38D74CBA17CC529C00F3EFD5 /* DispatchQueueLogFormatter.h */,
				38D74CBB17CC529C00F3EFD5 /* DispatchQueueLogFormatter.m */,
			);
			name = Extensions;
			sourceTree = "<group>";
		};
		38D74CC417CC538500F3EFD5 /* Cocoa HTTP Server */ = {
			isa = PBXGroup;
			children = (
				38D74CA717CC527B00F3EFD5 /* Logging */,
				38D74C7817CC4CC500F3EFD5 /* HTTP */,
				38D74C7717CC4CB900F3EFD5 /* TCP */,
			);
			name = "Cocoa HTTP Server";
			sourceTree = "<group>";
		};
		38F493EB17CC3B17005659B3 /* View controllers */ = {
			isa = PBXGroup;
			children = (
				38F493EC17CC3B35005659B3 /* HomeViewController.h */,
				38F493ED17CC3B35005659B3 /* HomeViewController.m */,
				38D74CC517CC53FE00F3EFD5 /* HostPartyViewController.h */,
				38D74CC617CC53FE00F3EFD5 /* HostPartyViewController.m */,
				38D74CC817CC566A00F3EFD5 /* JoinPartyViewController.h */,
				38D74CC917CC566A00F3EFD5 /* JoinPartyViewController.m */,
				38D74CD017CC6CC400F3EFD5 /* ClientsConnectedViewController.h */,
				38D74CD117CC6CC400F3EFD5 /* ClientsConnectedViewController.m */,
			);
			name = "View controllers";
			sourceTree = "<group>";
		};
		38F493EF17CC44D4005659B3 /* Helper classes */ = {
			isa = PBXGroup;
			children = (
				38F493F017CC44EA005659B3 /* StyleFactory.h */,
				38F493F117CC44EA005659B3 /* StyleFactory.m */,
			);
			name = "Helper classes";
			sourceTree = "<group>";
		};
/* End PBXGroup section */

/* Begin PBXNativeTarget section */
		38C22E9B17CBD59900014D39 /* Razmatazz */ = {
			isa = PBXNativeTarget;
			buildConfigurationList = 38C22EBE17CBD59900014D39 /* Build configuration list for PBXNativeTarget "Razmatazz" */;
			buildPhases = (
				38C22E9817CBD59900014D39 /* Sources */,
				38C22E9917CBD59900014D39 /* Frameworks */,
				38C22E9A17CBD59900014D39 /* Resources */,
			);
			buildRules = (
			);
			dependencies = (
			);
			name = Razmatazz;
			productName = Razmatazz;
			productReference = 38C22E9C17CBD59900014D39 /* Razmatazz.app */;
			productType = "com.apple.product-type.application";
		};
/* End PBXNativeTarget section */

/* Begin PBXProject section */
		38C22E9417CBD59900014D39 /* Project object */ = {
			isa = PBXProject;
			attributes = {
				LastUpgradeCheck = 0460;
				ORGANIZATIONNAME = "Razvan Bangu";
			};
			buildConfigurationList = 38C22E9717CBD59900014D39 /* Build configuration list for PBXProject "Razmatazz" */;
			compatibilityVersion = "Xcode 3.2";
			developmentRegion = English;
			hasScannedForEncodings = 0;
			knownRegions = (
				en,
				English,
			);
			mainGroup = 38C22E9317CBD59900014D39;
			productRefGroup = 38C22E9D17CBD59900014D39 /* Products */;
			projectDirPath = "";
			projectRoot = "";
			targets = (
				38C22E9B17CBD59900014D39 /* Razmatazz */,
			);
		};
/* End PBXProject section */

/* Begin PBXResourcesBuildPhase section */
		38C22E9A17CBD59900014D39 /* Resources */ = {
			isa = PBXResourcesBuildPhase;
			buildActionMask = 2147483647;
			files = (
				38C22EAC17CBD59900014D39 /* InfoPlist.strings in Resources */,
				38C22EB417CBD59900014D39 /* Default.png in Resources */,
				38C22EB617CBD59900014D39 /* Default@2x.png in Resources */,
				38C22EB817CBD59900014D39 /* Default-568h@2x.png in Resources */,
				38D74CCC17CC57CC00F3EFD5 /* Songs in Resources */,
				38A2540A17CD4C4600F76BD5 /* group@2x.png in Resources */,
				38A2540C17CD4CC200F76BD5 /* group.png in Resources */,
			);
			runOnlyForDeploymentPostprocessing = 0;
		};
/* End PBXResourcesBuildPhase section */

/* Begin PBXSourcesBuildPhase section */
		38C22E9817CBD59900014D39 /* Sources */ = {
			isa = PBXSourcesBuildPhase;
			buildActionMask = 2147483647;
			files = (
				38C22EAE17CBD59900014D39 /* main.m in Sources */,
				38C22EB217CBD59900014D39 /* AppDelegate.m in Sources */,
				38C22EBB17CBD59900014D39 /* Razmatazz.xcdatamodeld in Sources */,
				38F493EE17CC3B35005659B3 /* HomeViewController.m in Sources */,
				38F493F217CC44EA005659B3 /* StyleFactory.m in Sources */,
				38D74C7B17CC4D7000F3EFD5 /* GCDAsyncSocket.m in Sources */,
				38D74C8517CC4DA800F3EFD5 /* HTTPAuthenticationRequest.m in Sources */,
				38D74C8617CC4DA800F3EFD5 /* HTTPConnection.m in Sources */,
				38D74C8717CC4DA800F3EFD5 /* HTTPMessage.m in Sources */,
				38D74C8817CC4DA800F3EFD5 /* HTTPServer.m in Sources */,
				38D74C8B17CC4E0B00F3EFD5 /* WebSocket.m in Sources */,
				38D74C9817CC51DE00F3EFD5 /* HTTPAsyncFileResponse.m in Sources */,
				38D74C9917CC51DE00F3EFD5 /* HTTPDataResponse.m in Sources */,
				38D74C9A17CC51DE00F3EFD5 /* HTTPDynamicFileResponse.m in Sources */,
				38D74C9B17CC51DE00F3EFD5 /* HTTPFileResponse.m in Sources */,
				38D74C9C17CC51DE00F3EFD5 /* HTTPRedirectResponse.m in Sources */,
				38D74CA317CC51FD00F3EFD5 /* DDData.m in Sources */,
				38D74CA417CC51FD00F3EFD5 /* DDNumber.m in Sources */,
				38D74CA517CC51FD00F3EFD5 /* DDRange.m in Sources */,
				38D74CB217CC528B00F3EFD5 /* DDAbstractDatabaseLogger.m in Sources */,
				38D74CB317CC528B00F3EFD5 /* DDASLLogger.m in Sources */,
				38D74CB417CC528B00F3EFD5 /* DDFileLogger.m in Sources */,
				38D74CB517CC528B00F3EFD5 /* DDLog.m in Sources */,
				38D74CB617CC528B00F3EFD5 /* DDTTYLogger.m in Sources */,
				38D74CBC17CC529C00F3EFD5 /* ContextFilterLogFormatter.m in Sources */,
				38D74CBD17CC529C00F3EFD5 /* DispatchQueueLogFormatter.m in Sources */,
				38D74CC717CC53FE00F3EFD5 /* HostPartyViewController.m in Sources */,
				38D74CCA17CC566A00F3EFD5 /* JoinPartyViewController.m in Sources */,
				38D74CD217CC6CC500F3EFD5 /* ClientsConnectedViewController.m in Sources */,
			);
			runOnlyForDeploymentPostprocessing = 0;
		};
/* End PBXSourcesBuildPhase section */

/* Begin PBXVariantGroup section */
		38C22EAA17CBD59900014D39 /* InfoPlist.strings */ = {
			isa = PBXVariantGroup;
			children = (
				38C22EAB17CBD59900014D39 /* en */,
			);
			name = InfoPlist.strings;
			sourceTree = "<group>";
		};
/* End PBXVariantGroup section */

/* Begin XCBuildConfiguration section */
		38C22EBC17CBD59900014D39 /* Debug */ = {
			isa = XCBuildConfiguration;
			buildSettings = {
				ALWAYS_SEARCH_USER_PATHS = NO;
				CLANG_CXX_LANGUAGE_STANDARD = "gnu++0x";
				CLANG_CXX_LIBRARY = "libc++";
				CLANG_ENABLE_OBJC_ARC = YES;
				CLANG_WARN_CONSTANT_CONVERSION = YES;
				CLANG_WARN_EMPTY_BODY = YES;
				CLANG_WARN_ENUM_CONVERSION = YES;
				CLANG_WARN_INT_CONVERSION = YES;
				CLANG_WARN__DUPLICATE_METHOD_MATCH = YES;
				CODE_SIGN_IDENTITY = "Razvan Bangu";
				"CODE_SIGN_IDENTITY[sdk=iphoneos*]" = "Razvan Bangu";
				COPY_PHASE_STRIP = NO;
				GCC_C_LANGUAGE_STANDARD = gnu99;
				GCC_DYNAMIC_NO_PIC = NO;
				GCC_OPTIMIZATION_LEVEL = 0;
				GCC_PREPROCESSOR_DEFINITIONS = (
					"DEBUG=1",
					"$(inherited)",
				);
				GCC_SYMBOLS_PRIVATE_EXTERN = NO;
				GCC_WARN_ABOUT_RETURN_TYPE = YES;
				GCC_WARN_UNINITIALIZED_AUTOS = YES;
				GCC_WARN_UNUSED_VARIABLE = YES;
				HEADER_SEARCH_PATHS = "$(SDKROOT)/usr/include/libxml2";
				IPHONEOS_DEPLOYMENT_TARGET = 5.1;
				ONLY_ACTIVE_ARCH = YES;
				PROVISIONING_PROFILE = "";
				"PROVISIONING_PROFILE[sdk=iphoneos*]" = "";
				SDKROOT = iphoneos;
				TARGETED_DEVICE_FAMILY = "1,2";
			};
			name = Debug;
		};
		38C22EBD17CBD59900014D39 /* Release */ = {
			isa = XCBuildConfiguration;
			buildSettings = {
				ALWAYS_SEARCH_USER_PATHS = NO;
				CLANG_CXX_LANGUAGE_STANDARD = "gnu++0x";
				CLANG_CXX_LIBRARY = "libc++";
				CLANG_ENABLE_OBJC_ARC = YES;
				CLANG_WARN_CONSTANT_CONVERSION = YES;
				CLANG_WARN_EMPTY_BODY = YES;
				CLANG_WARN_ENUM_CONVERSION = YES;
				CLANG_WARN_INT_CONVERSION = YES;
				CLANG_WARN__DUPLICATE_METHOD_MATCH = YES;
				CODE_SIGN_IDENTITY = "Razvan Bangu";
				"CODE_SIGN_IDENTITY[sdk=iphoneos*]" = "Razvan Bangu";
				COPY_PHASE_STRIP = YES;
				GCC_C_LANGUAGE_STANDARD = gnu99;
				GCC_WARN_ABOUT_RETURN_TYPE = YES;
				GCC_WARN_UNINITIALIZED_AUTOS = YES;
				GCC_WARN_UNUSED_VARIABLE = YES;
				HEADER_SEARCH_PATHS = "$(SDKROOT)/usr/include/libxml2";
				IPHONEOS_DEPLOYMENT_TARGET = 5.1;
				OTHER_CFLAGS = "-DNS_BLOCK_ASSERTIONS=1";
				PROVISIONING_PROFILE = "";
				"PROVISIONING_PROFILE[sdk=iphoneos*]" = "";
				SDKROOT = iphoneos;
				TARGETED_DEVICE_FAMILY = "1,2";
				VALIDATE_PRODUCT = YES;
			};
			name = Release;
		};
		38C22EBF17CBD59900014D39 /* Debug */ = {
			isa = XCBuildConfiguration;
			buildSettings = {
				GCC_PRECOMPILE_PREFIX_HEADER = YES;
				GCC_PREFIX_HEADER = "Razmatazz/Razmatazz-Prefix.pch";
				INFOPLIST_FILE = "Razmatazz/Razmatazz-Info.plist";
				IPHONEOS_DEPLOYMENT_TARGET = 6.0;
				PRODUCT_NAME = "$(TARGET_NAME)";
				WRAPPER_EXTENSION = app;
			};
			name = Debug;
		};
		38C22EC017CBD59900014D39 /* Release */ = {
			isa = XCBuildConfiguration;
			buildSettings = {
				GCC_PRECOMPILE_PREFIX_HEADER = YES;
				GCC_PREFIX_HEADER = "Razmatazz/Razmatazz-Prefix.pch";
				INFOPLIST_FILE = "Razmatazz/Razmatazz-Info.plist";
				IPHONEOS_DEPLOYMENT_TARGET = 6.0;
				PRODUCT_NAME = "$(TARGET_NAME)";
				WRAPPER_EXTENSION = app;
			};
			name = Release;
		};
/* End XCBuildConfiguration section */

/* Begin XCConfigurationList section */
		38C22E9717CBD59900014D39 /* Build configuration list for PBXProject "Razmatazz" */ = {
			isa = XCConfigurationList;
			buildConfigurations = (
				38C22EBC17CBD59900014D39 /* Debug */,
				38C22EBD17CBD59900014D39 /* Release */,
			);
			defaultConfigurationIsVisible = 0;
			defaultConfigurationName = Release;
		};
		38C22EBE17CBD59900014D39 /* Build configuration list for PBXNativeTarget "Razmatazz" */ = {
			isa = XCConfigurationList;
			buildConfigurations = (
				38C22EBF17CBD59900014D39 /* Debug */,
				38C22EC017CBD59900014D39 /* Release */,
			);
			defaultConfigurationIsVisible = 0;
			defaultConfigurationName = Release;
		};
/* End XCConfigurationList section */

/* Begin XCVersionGroup section */
		38C22EB917CBD59900014D39 /* Razmatazz.xcdatamodeld */ = {
			isa = XCVersionGroup;
			children = (
				38C22EBA17CBD59900014D39 /* Razmatazz.xcdatamodel */,
			);
			currentVersion = 38C22EBA17CBD59900014D39 /* Razmatazz.xcdatamodel */;
			path = Razmatazz.xcdatamodeld;
			sourceTree = "<group>";
			versionGroupType = wrapper.xcdatamodel;
		};
/* End XCVersionGroup section */
	};
	rootObject = 38C22E9417CBD59900014D39 /* Project object */;
}
